hash: 44aa9a3712cb1141b2340bed7502f7eab8f09c09b8866b6b0167459cfd7aa35a
updated: 2018-12-04T19:40:20.4269192+08:00
imports:
- name: github.com/deckarep/golang-set
  version: cbaa98ba5575e67703b32b4b19f73c91f3c4159e
- name: github.com/go-redis/redis
  version: b3d9bf10f6666b2ee5100a6f3f84f4caf3b4e37d
  subpackages:
  - internal
  - internal/consistenthash
  - internal/hashtag
  - internal/pool
  - internal/proto
  - internal/singleflight
  - internal/util
- name: github.com/go-yaml/yaml
  version: 51d6538a90f86fe93ac480b35f37b2be17fef232
- name: github.com/gorilla/websocket
  version: 66b9c49e59c6c48f0ffce28c2d8b8a5678502c6d
- name: github.com/stathat/consistent
  version: ad91dc4a3a642859730ff3d65929fce009bfdc23
testImports: []
